	<Project xmlns="http://schemas.microsoft.com/developer/msbuild/2003">
		<PropertyGroup>
			<ProjectGuid>{AF8BAEC0-16FB-4834-B6E0-F9E73CC5FAB3}</ProjectGuid>
			<MainSource>Rural7.dpr</MainSource>
			<Config Condition="'$(Config)'==''">Debug</Config>
			<DCC_DCCCompiler>DCC32</DCC_DCCCompiler>
			<ProjectVersion>13.4</ProjectVersion>
			<FrameworkType>VCL</FrameworkType>
			<Base>True</Base>
			<Platform Condition="'$(Platform)'==''">Win32</Platform>
			<TargetedPlatforms>1</TargetedPlatforms>
			<AppType>Application</AppType>
		</PropertyGroup>
		<PropertyGroup Condition="'$(Config)'=='Base' or '$(Base)'!=''">
			<Base>true</Base>
		</PropertyGroup>
		<PropertyGroup Condition="('$(Platform)'=='Win64' and '$(Base)'=='true') or '$(Base_Win64)'!=''">
			<Base_Win64>true</Base_Win64>
			<CfgParent>Base</CfgParent>
			<Base>true</Base>
		</PropertyGroup>
		<PropertyGroup Condition="('$(Platform)'=='Win32' and '$(Base)'=='true') or '$(Base_Win32)'!=''">
			<Base_Win32>true</Base_Win32>
			<CfgParent>Base</CfgParent>
			<Base>true</Base>
		</PropertyGroup>
		<PropertyGroup Condition="'$(Config)'=='Release' or '$(Cfg_1)'!=''">
			<Cfg_1>true</Cfg_1>
			<CfgParent>Base</CfgParent>
			<Base>true</Base>
		</PropertyGroup>
		<PropertyGroup Condition="'$(Config)'=='Debug' or '$(Cfg_2)'!=''">
			<Cfg_2>true</Cfg_2>
			<CfgParent>Base</CfgParent>
			<Base>true</Base>
		</PropertyGroup>
		<PropertyGroup Condition="('$(Platform)'=='Win32' and '$(Cfg_2)'=='true') or '$(Cfg_2_Win32)'!=''">
			<Cfg_2_Win32>true</Cfg_2_Win32>
			<CfgParent>Cfg_2</CfgParent>
			<Cfg_2>true</Cfg_2>
			<Base>true</Base>
		</PropertyGroup>
		<PropertyGroup Condition="'$(Base)'!=''">
			<VerInfo_AutoGenVersion>true</VerInfo_AutoGenVersion>
			<VerInfo_Locale>1046</VerInfo_Locale>
			<VerInfo_Keys>CompanyName=Fiorilli Sociedade Civil Software;FileDescription=Rural;FileVersion=7.5.14.24;InternalName=;LegalCopyright=;LegalTrademarks=;OriginalFilename=;ProductName=Rural;ProductVersion=7.5.0.0;Comments=</VerInfo_Keys>
			<VerInfo_Debug>true</VerInfo_Debug>
			<VerInfo_Build>24</VerInfo_Build>
			<VerInfo_IncludeVerInfo>true</VerInfo_IncludeVerInfo>
			<DCC_Namespace>Vcl;Vcl.Imaging;Vcl.Touch;Vcl.Samples;Vcl.Shell;System;Xml;Data;Datasnap;Web;Soap;Winapi;$(DCC_Namespace)</DCC_Namespace>
			<VerInfo_Release>14</VerInfo_Release>
			<VerInfo_MajorVer>7</VerInfo_MajorVer>
			<VerInfo_MinorVer>5</VerInfo_MinorVer>
			<DCC_Define>MODULO_RURAL;$(DCC_Define)</DCC_Define>
			<DCC_UsePackage>vclx;vcl;vclimg;dbrtl;Rave77VCL;bdertl;rtl;vclactnband;vcldb;vcldbx;vcltouch;xmlrtl;dsnap;dsnapcon;TeeUI;TeeDB;Tee;vclib;ibxpress;adortl;IndyCore;IndySystem;IndyProtocols;inet;intrawebdb_100_140;Intraweb_100_140;VclSmp;vclie;websnap;webdsnap;inetdb;inetdbbde;inetdbxpress;soaprtl;vclribbon;dbexpress;DbxCommonDriver;DataSnapIndy10ServerTransport;DataSnapProviderClient;DbxClientDriver;DataSnapServer;DBXInterBaseDriver;DBXMySQLDriver;dbxcds;DBXFirebirdDriver;DBXSybaseASEDriver;DBXSybaseASADriver;DBXOracleDriver;DBXMSSQLDriver;DBXInformixDriver;DBXDb2Driver;TCFLib140;TCFDsg140;RaizeComponentsVcl;RaizeComponentsVclDb;TMSSmoothControlsPackPkgD2010;fs14;frx14;frxcs14;fsDB14;frxDB14;fsBDE14;frxBDE14;fsADO14;frxADO14;fsIBX14;frxIBX14;frxDBX14;frxe14;fsTee14;frxTee14;dxCoreD14;cxLibraryD14;cxEditorsD14;cxExtEditorsD14;dxDockingD14;dxsbD14;dxComnD14;dxBarD14;dxBarDBNavD14;cxBarEditItemD14;dxBarExtDBItemsD14;dxBarExtItemsD14;dxRibbonD14;cxPageControlD14;cxGridD14;dxLayoutControlD14;cxSpreadSheetD14;cxTreeListD14;cxTreeListdxBarPopupMenuD14;cxVerticalGridD14;dxFlowChartD14;cxSchedulerD14;cxSchedulerGridD14;dxorgcD14;dxdborD14;dxmdsD14;dxdbtrD14;dxtrmdD14;dxPSCoreD14;dxPSLnksD14;vclshlctrls;dxPScxCommonD14;dxPScxExtCommonD14;dxPScxPCProdD14;dxPScxSSLnkD14;dxPScxTL5LnkD14;dxPScxVGridLnkD14;dxPSTeeChartD14;dxPSDBTeeChartD14;dxPSdxDBTVLnkD14;dxPSdxFCLnkD14;dxPSdxOCLnkD14;dxPSdxDBOCLnkD14;dxPsPrVwAdvD14;dxPScxGrid6LnkD14;cxPivotGridD14;cxPivotGridChartD14;dcldxSkinsCoreD14;dxSkinsCoreD14;dxSkinscxPCPainterD14;dxSkinscxScheduler3PainterD14;dxSkinsdxNavBar2PainterD14;dxNavBarD14;dxSkinsdxDLPainterD14;dxSkinsdxRibbonPainterD14;dxSkinsdxBarPainterD14;dxSkinBlackD14;dxSkinBlueD14;dxSkinSilverD14;dxSkinStardustD14;dxSkinValentineD14;dxSkinXmas2008BlueD14;dxSkinCaramelD14;dxSkinCoffeeD14;dxSkinPumpkinD14;dxSkinDarkSideD14;dxSkinGlassOceansD14;dxSkiniMaginaryD14;dxSkinLilianD14;dxSkinMcSkinD14;dxSkinLiquidSkyD14;dxSkinLondonLiquidSkyD14;dxSkinMoneyTwinsD14;dxSkinOffice2007BlackD14;dxSkinOffice2007BlueD14;dxSkinOffice2007GreenD14;dxSkinOffice2007PinkD14;dxSkinOffice2007SilverD14;dxSkinSummer2008D14;dxSkinSpringTimeD14;dxSkinSevenD14;dxSkinFoggyD14;dxSkinDarkRoomD14;dxSkinSharpD14;dxSpellCheckerD14;PngComponents;cxPivotGridOLAPD14;ZipMasterD14;dclOfficeXP;rxctl;rxdb;rxbde;$(DCC_UsePackage)</DCC_UsePackage>
			<DCC_DependencyCheckOutputName>C:\FIORILLI\SIA7\Rural7.exe</DCC_DependencyCheckOutputName>
			<DCC_ImageBase>00400000</DCC_ImageBase>
			<DCC_ExeOutput>C:\FIORILLI\SIA7\</DCC_ExeOutput>
			<DCC_Platform>x86</DCC_Platform>
			<DCC_SymbolReferenceInfo>1</DCC_SymbolReferenceInfo>
			<DCC_N>true</DCC_N>
			<DCC_S>false</DCC_S>
			<DCC_K>false</DCC_K>
			<DCC_E>false</DCC_E>
			<DCC_F>false</DCC_F>
		</PropertyGroup>
		<PropertyGroup Condition="'$(Base_Win64)'!=''">
			<Icon_MainIcon>Rural7_Icon.ico</Icon_MainIcon>
		</PropertyGroup>
		<PropertyGroup Condition="'$(Base_Win32)'!=''">
			<Icon_MainIcon>Rural7_Icon.ico</Icon_MainIcon>
			<Debugger_RunParams>ok design</Debugger_RunParams>
			<DCC_Namespace>System.Win;Data.Win;Datasnap.Win;Web.Win;Soap.Win;Xml.Win;Bde;$(DCC_Namespace)</DCC_Namespace>
			<VerInfo_IncludeVerInfo>true</VerInfo_IncludeVerInfo>
			<VerInfo_Locale>1033</VerInfo_Locale>
			<Manifest_File>$(BDS)\bin\default_app.manifest</Manifest_File>
			<VerInfo_Keys>CompanyName=;FileDescription=;FileVersion=1.0.0.0;InternalName=;LegalCopyright=;LegalTrademarks=;OriginalFilename=;ProductName=;ProductVersion=1.0.0.0;Comments=</VerInfo_Keys>
		</PropertyGroup>
		<PropertyGroup Condition="'$(Cfg_1)'!=''">
			<DCC_LocalDebugSymbols>false</DCC_LocalDebugSymbols>
			<DCC_Define>RELEASE;$(DCC_Define)</DCC_Define>
			<DCC_SymbolReferenceInfo>0</DCC_SymbolReferenceInfo>
			<DCC_DebugInformation>false</DCC_DebugInformation>
		</PropertyGroup>
		<PropertyGroup Condition="'$(Cfg_2)'!=''">
			<DCC_Define>DEBUG;$(DCC_Define)</DCC_Define>
		</PropertyGroup>
		<PropertyGroup Condition="'$(Cfg_2_Win32)'!=''">
			<VerInfo_Build>7</VerInfo_Build>
			<VerInfo_Release>15</VerInfo_Release>
			<VerInfo_Keys>CompanyName=Fiorilli Software SC Ltda;FileDescription=Modulo Rural;FileVersion=7.5.15.7;InternalName=;LegalCopyright=Copyright © 2017 Todos os Direitos Reservados;LegalTrademarks=;OriginalFilename=;ProductName=;ProductVersion=7.5.14.24;Comments=</VerInfo_Keys>
			<VerInfo_AutoGenVersion>false</VerInfo_AutoGenVersion>
			<VerInfo_Locale>1033</VerInfo_Locale>
			<Manifest_File>None</Manifest_File>
		</PropertyGroup>
		<ItemGroup>
			<DelphiCompile Include="$(MainSource)">
				<MainSource>MainSource</MainSource>
			</DelphiCompile>
			<DCCReference Include="UPrin.pas">
				<Form>FPrin</Form>
			</DCCReference>
			<DCCReference Include="UCadCobranca.pas">
				<Form>FCadCobranca</Form>
			</DCCReference>
			<DCCReference Include="UCadSetorVencRR.pas">
				<Form>FCadSetorVencRR</Form>
			</DCCReference>
			<DCCReference Include="UCadDescontos.pas">
				<Form>FCadDescontos</Form>
			</DCCReference>
			<DCCReference Include="UCadTabCalculo.pas">
				<Form>FCadTabCalculo</Form>
			</DCCReference>
			<DCCReference Include="UCadClassifica.pas">
				<Form>FCadClassifica</Form>
			</DCCReference>
			<DCCReference Include="UCadPontos.pas">
				<Form>FCadPontos</Form>
			</DCCReference>
			<DCCReference Include="UCadConfCalc.pas">
				<Form>FCadConfCalc</Form>
			</DCCReference>
			<DCCReference Include="UCadRural.pas">
				<Form>FCadRural</Form>
			</DCCReference>
			<DCCReference Include="UCalcRural.pas">
				<Form>FCalcRural</Form>
			</DCCReference>
			<DCCReference Include="UConsRural.pas">
				<Form>FConsRural</Form>
			</DCCReference>
			<DCCReference Include="URelRolLancRR.pas">
				<Form>FRelRolLancRR</Form>
			</DCCReference>
			<DCCReference Include="URelEtiquetaRR.pas">
				<Form>FRelEtiquetaRR</Form>
			</DCCReference>
			<DCCReference Include="URelGuiasRR.pas">
				<Form>FRelGuiasRR</Form>
			</DCCReference>
			<DCCReference Include="UCadTransfRR.pas">
				<Form>FCadTransfRR</Form>
			</DCCReference>
			<DCCReference Include="URelTransfPropRR.pas">
				<Form>FRelTransfPropRR</Form>
			</DCCReference>
			<DCCReference Include="URelRolRR.pas">
				<Form>FRelRolRR</Form>
			</DCCReference>
			<DCCReference Include="UConsProVegISO.pas">
				<Form>FConsProVegISO</Form>
			</DCCReference>
			<DCCReference Include="UConsProAni.pas">
				<Form>FConsProAni</Form>
			</DCCReference>
			<DCCReference Include="UConsRRAreas.pas">
				<Form>FConsRRAreas</Form>
			</DCCReference>
			<DCCReference Include="UExportaLanc.pas">
				<Form>FExportaLanc</Form>
			</DCCReference>
			<DCCReference Include="UCadObrigRUR.pas">
				<Form>FCadObrigRUR</Form>
			</DCCReference>
			<DCCReference Include="URelDescontos.pas">
				<Form>FRelDescontos</Form>
			</DCCReference>
			<DCCReference Include="URelTabCalculo.pas">
				<Form>FRelTabCalculo</Form>
			</DCCReference>
			<DCCReference Include="URelCodCob.pas">
				<Form>FRelCodCob</Form>
			</DCCReference>
			<DCCReference Include="UMudaCadastroRural.pas">
				<Form>FMudaCadastroRural</Form>
			</DCCReference>
			<DCCReference Include="UClasse_PesqRur.pas"/>
			<DCCReference Include="..\Agua\UClasse_Agua.pas"/>
			<DCCReference Include="..\Agua\UDMAgua.pas">
				<Form>DMAgua</Form>
				<DesignClass>TDataModule</DesignClass>
			</DCCReference>
			<DCCReference Include="..\Agua\UdmDSnapAG.pas">
				<Form>dmDSnapAG</Form>
				<DesignClass>TDataModule</DesignClass>
			</DCCReference>
			<DCCReference Include="..\Agua\UClasse_PesqAgua.pas"/>
			<DCCReference Include="..\Atendimento\UClasse_PesqAtend.pas"/>
			<DCCReference Include="..\Cemiterio\UClasse_Cemiterio.pas"/>
			<DCCReference Include="..\Cemiterio\UDMCemi.pas">
				<Form>dmCEMI</Form>
				<DesignClass>TDataModule</DesignClass>
			</DCCReference>
			<DCCReference Include="..\Cemiterio\UClasse_PesqCemi.pas"/>
			<DCCReference Include="..\Diversas\URelGenericoSimples.pas">
				<Form>FRelGenericoSimples</Form>
			</DCCReference>
			<DCCReference Include="..\Diversas\UGenerico.pas">
				<Form>FGenerico</Form>
			</DCCReference>
			<DCCReference Include="..\Diversas\URelGenerico.pas">
				<Form>FRelGenerico</Form>
			</DCCReference>
			<DCCReference Include="..\Diversas\UClasse_Protocolo.pas"/>
			<DCCReference Include="..\Diversas\UClasse_Diversas.pas"/>
			<DCCReference Include="..\Diversas\UDMDiversas.pas">
				<Form>DMDIV</Form>
				<DesignClass>TDataModule</DesignClass>
			</DCCReference>
			<DCCReference Include="..\Diversas\UClasse_PesqDiverso.pas"/>
			<DCCReference Include="..\Editor\Unit3.pas">
				<Form>frmEditor</Form>
			</DCCReference>
			<DCCReference Include="..\Editor\dmActions.pas">
				<Form>rvActionsResource</Form>
				<DesignClass>TDataModule</DesignClass>
			</DCCReference>
			<DCCReference Include="..\Financeiro\UClasse_Financeiro.pas"/>
			<DCCReference Include="..\Financeiro\UDMFin.pas">
				<Form>dmFin</Form>
				<DesignClass>TDataModule</DesignClass>
			</DCCReference>
			<DCCReference Include="..\Financeiro\UClasse_PesqFIn.pas"/>
			<DCCReference Include="..\GeoReferenciamento\Medral\APIMedral.pas"/>
			<DCCReference Include="..\GeoReferenciamento\Medral\UFuncoesMedral.pas"/>
			<DCCReference Include="..\Imobiliario\UDMF.pas">
				<Form>DMF</Form>
				<DesignClass>TDataModule</DesignClass>
			</DCCReference>
			<DCCReference Include="..\Imobiliario\UDMIPTU.pas">
				<Form>DMIPTU</Form>
				<DesignClass>TDataModule</DesignClass>
			</DCCReference>
			<DCCReference Include="..\Imobiliario\UClasse_PesqImob.pas"/>
			<DCCReference Include="..\Juridico\UClasse_Juridico.pas"/>
			<DCCReference Include="..\Juridico\UDMJur.pas">
				<Form>dmJur</Form>
				<DesignClass>TDataModule</DesignClass>
			</DCCReference>
			<DCCReference Include="..\Juridico\UClasse_PesqJur.pas"/>
			<DCCReference Include="..\Log\System_log.pas"/>
			<DCCReference Include="..\Log\Dados_Log.pas">
				<Form>dmLog</Form>
				<DesignClass>TDataModule</DesignClass>
			</DCCReference>
			<DCCReference Include="..\Log\IB_CriaDB.pas"/>
			<DCCReference Include="..\Mobiliario\UDMMOBI.pas">
				<Form>dmMobi</Form>
				<DesignClass>TDataModule</DesignClass>
			</DCCReference>
			<DCCReference Include="..\Mobiliario\UClasse_Mobiliario.pas"/>
			<DCCReference Include="..\Mobiliario\UClasse_PesqMobi.pas"/>
			<DCCReference Include="..\Principal\UDM.pas">
				<Form>dm</Form>
				<DesignClass>TDataModule</DesignClass>
			</DCCReference>
			<DCCReference Include="..\Principal\UDMMAPIMail.pas">
				<Form>DMMAPIMail</Form>
				<DesignClass>TDataModule</DesignClass>
			</DCCReference>
			<DCCReference Include="..\Principal\UDMSSE.pas">
				<Form>dmSSE</Form>
				<DesignClass>TDataModule</DesignClass>
			</DCCReference>
			<DCCReference Include="..\Principal\funcoes.pas"/>
			<DCCReference Include="..\Principal\PackForm.pas">
				<Form>Form1</Form>
			</DCCReference>
			<DCCReference Include="..\Principal\aguarde.pas">
				<Form>frmaguarde</Form>
			</DCCReference>
			<DCCReference Include="..\Principal\Fmxutils.pas"/>
			<DCCReference Include="..\Principal\TrataErros.pas"/>
			<DCCReference Include="..\Principal\UEMail.pas">
				<Form>FEMail</Form>
			</DCCReference>
			<DCCReference Include="..\Principal\USobre.pas">
				<Form>FSobre</Form>
			</DCCReference>
			<DCCReference Include="..\Principal\UClasse_Principal.pas"/>
			<DCCReference Include="..\Principal\WBFuncs.pas"/>
			<DCCReference Include="..\Principal\FunRede.pas"/>
			<DCCReference Include="..\Principal\UClasse_SCPI.pas"/>
			<DCCReference Include="..\Principal\UDMSCPI.pas">
				<Form>dmSCPI</Form>
				<DesignClass>TDataModule</DesignClass>
			</DCCReference>
			<DCCReference Include="..\Principal\UFundo5.pas">
				<Form>FrmFundo5</Form>
			</DCCReference>
			<DCCReference Include="..\Principal\UFundo4.pas">
				<Form>FrmFundo4</Form>
			</DCCReference>
			<DCCReference Include="..\Principal\UFundo3.pas">
				<Form>FrmFundo3</Form>
			</DCCReference>
			<DCCReference Include="..\Principal\UFundo2.pas">
				<Form>FrmFundo2</Form>
			</DCCReference>
			<DCCReference Include="..\Principal\UFundo.pas">
				<Form>FrmFundo</Form>
			</DCCReference>
			<DCCReference Include="..\Principal\UClasseDSP_NIM.pas"/>
			<DCCReference Include="..\Principal\HID.pas"/>
			<DCCReference Include="..\Principal\UFastReportFuncoes.pas"/>
			<DCCReference Include="..\Principal\UDMPrin.pas">
				<Form>dmPrin</Form>
				<DesignClass>TDataModule</DesignClass>
			</DCCReference>
			<DCCReference Include="..\Principal\UClasse_UsuariosSIA.pas"/>
			<DCCReference Include="..\Principal\UClasse_PesqPrin.pas"/>
			<DCCReference Include="..\Principal\UClasse_PesqProt.pas"/>
			<DCCReference Include="..\Principal\UClasse_Acoes.pas"/>
			<DCCReference Include="..\..\..\Projeto_Chave_Validade\Valida_Chave\uValida_Chave.pas"/>
			<DCCReference Include="..\Serviços\UDMOS.pas">
				<Form>DMOS</Form>
				<DesignClass>TDataModule</DesignClass>
			</DCCReference>
			<DCCReference Include="..\Serviços\UClasse_Servicos.pas"/>
			<DCCReference Include="..\Serviços\UDMServ.pas">
				<Form>dmServ</Form>
				<DesignClass>TDataModule</DesignClass>
			</DCCReference>
			<DCCReference Include="..\Principal\URelatorios.pas">
				<Form>FRelatorios</Form>
			</DCCReference>
			<DCCReference Include="..\Diversas\USelecao.pas">
				<Form>FSelecao</Form>
			</DCCReference>
			<DCCReference Include="..\Principal\UConsContrib.pas">
				<Form>FConsContrib</Form>
			</DCCReference>
			<DCCReference Include="..\Imobiliario\UConsIPTU.pas">
				<Form>FConsIPTU</Form>
			</DCCReference>
			<DCCReference Include="..\Mobiliario\UConsMobil.pas">
				<Form>FConsMobil</Form>
			</DCCReference>
			<DCCReference Include="..\Principal\UCadContribuintes.pas">
				<Form>FCadContribuintes</Form>
			</DCCReference>
			<DCCReference Include="..\Principal\URelContribuintes.pas">
				<Form>FRelContribuintes</Form>
			</DCCReference>
			<DCCReference Include="..\Principal\UCadLogradouros.pas">
				<Form>FCadLogradouros</Form>
			</DCCReference>
			<DCCReference Include="..\Principal\URelLogra.pas">
				<Form>FRelLogra</Form>
			</DCCReference>
			<DCCReference Include="..\Principal\UCadBairros.pas">
				<Form>FCadBairros</Form>
			</DCCReference>
			<DCCReference Include="..\Principal\URelBairros.pas">
				<Form>FRelBairros</Form>
			</DCCReference>
			<DCCReference Include="..\Principal\UCadHistoricos.pas">
				<Form>FCadHistoricos</Form>
			</DCCReference>
			<DCCReference Include="..\Principal\URelHistoricos.pas">
				<Form>FRelHistoricos</Form>
			</DCCReference>
			<DCCReference Include="..\Principal\URelEtiqueta_CNT.pas">
				<Form>FRelEtiqueta_CNT</Form>
			</DCCReference>
			<DCCReference Include="..\Financeiro\UConsultaLancamentos.pas">
				<Form>FConsultaLancamento</Form>
			</DCCReference>
			<DCCReference Include="..\Financeiro\UPesquisaDivida.pas">
				<Form>FPesquisaDivida</Form>
			</DCCReference>
			<DCCReference Include="..\Financeiro\URelExtratoGuia.pas">
				<Form>FRelExtratoGuia</Form>
			</DCCReference>
			<DCCReference Include="..\Financeiro\URelExtrato.pas">
				<Form>FRelExtrato</Form>
			</DCCReference>
			<DCCReference Include="..\Financeiro\URelListagemDebitos.pas">
				<Form>FRelListagemDebitos</Form>
			</DCCReference>
			<DCCReference Include="..\Financeiro\UConsultaGuias.pas">
				<Form>FConsultaGuias</Form>
			</DCCReference>
			<DCCReference Include="..\Financeiro\URelExtratoParcelamento.pas">
				<Form>FRelExtratoParcelamento</Form>
			</DCCReference>
			<DCCReference Include="..\Financeiro\UAlteraVencimento.pas">
				<Form>FAlteraVencimento</Form>
			</DCCReference>
			<DCCReference Include="..\Principal\UConsSite.pas">
				<Form>FConsSite</Form>
			</DCCReference>
			<DCCReference Include="..\Principal\URelVincCNT.pas">
				<Form>FRelVincCNT</Form>
			</DCCReference>
			<DCCReference Include="..\Principal\URelCidades.pas">
				<Form>FRelCidades</Form>
			</DCCReference>
			<DCCReference Include="..\Principal\UCadCidades.pas">
				<Form>FCadCidades</Form>
			</DCCReference>
			<DCCReference Include="..\Cemiterio\UConsTerrCemi.pas">
				<Form>FConsTerrCemi</Form>
			</DCCReference>
			<DCCReference Include="..\Cemiterio\UCadTerrenoCemi.pas">
				<Form>FCadTerrenoCemi</Form>
			</DCCReference>
			<DCCReference Include="..\Cemiterio\UCadTransfCEMI.pas">
				<Form>FCadTransfCEMI</Form>
			</DCCReference>
			<DCCReference Include="..\Cemiterio\URelTerrenosCemi.pas">
				<Form>FRelTerrenosCemi</Form>
			</DCCReference>
			<DCCReference Include="..\Cemiterio\URelTransfPropCEMI.pas">
				<Form>FRelTransfPropCEMI</Form>
			</DCCReference>
			<DCCReference Include="..\Agua\UConsAgua.pas">
				<Form>FConsAgua</Form>
			</DCCReference>
			<DCCReference Include="..\Agua\UCadHidro.pas">
				<Form>FCadHidro</Form>
			</DCCReference>
			<DCCReference Include="..\Agua\UConsHidrometro.pas">
				<Form>FConsHidrometro</Form>
			</DCCReference>
			<DCCReference Include="..\Mobiliario\UConsAtividade.pas">
				<Form>FConsAtividades</Form>
			</DCCReference>
			<DCCReference Include="..\Mobiliario\UCadAtivDesdo.pas">
				<Form>FCadAtivDesdo</Form>
			</DCCReference>
			<DCCReference Include="..\Mobiliario\UCadAtividade.pas">
				<Form>FCadAtividade</Form>
			</DCCReference>
			<DCCReference Include="..\Mobiliario\URelAtvDesdobro.pas">
				<Form>FRelAtvDesdobro</Form>
			</DCCReference>
			<DCCReference Include="..\Mobiliario\URelGrupo.pas">
				<Form>FRelGrupo</Form>
			</DCCReference>
			<DCCReference Include="..\Financeiro\UGuiasFin.pas">
				<Form>FRelGuiasFin</Form>
			</DCCReference>
			<DCCReference Include="..\Financeiro\UConsultaDivida.pas">
				<Form>FconsultaDivida</Form>
			</DCCReference>
			<DCCReference Include="..\Financeiro\UCarneParcelamento.pas">
				<Form>FRelCarneParcelamento</Form>
			</DCCReference>
			<DCCReference Include="..\Financeiro\URelTermoConfissao.pas">
				<Form>FRelTermoConfissao</Form>
			</DCCReference>
			<DCCReference Include="..\Financeiro\URelPedidoParcelamento.pas">
				<Form>FRelPedidoParcelamento</Form>
			</DCCReference>
			<DCCReference Include="..\Financeiro\URelExtratoContribuinte.pas">
				<Form>FRelExtratoContribuinte</Form>
			</DCCReference>
			<DCCReference Include="..\Financeiro\URelListagemDebitosContribuinte.pas">
				<Form>FRelListagemDebitosContribuinte</Form>
			</DCCReference>
			<DCCReference Include="..\Imobiliario\URelGuiasIPTU.pas">
				<Form>FRelGuiasIPTU</Form>
			</DCCReference>
			<DCCReference Include="..\Financeiro\UEstornoParcelamento.pas">
				<Form>FEstornoParcelamento</Form>
			</DCCReference>
			<DCCReference Include="..\Financeiro\UCadastraOrigem.pas">
				<Form>FCadOrigemParcelamento</Form>
			</DCCReference>
			<DCCReference Include="..\Mobiliario\URelGuiasMobi.pas">
				<Form>FRelGuiasMobi</Form>
			</DCCReference>
			<DCCReference Include="..\Financeiro\UFuncoesBaixas.pas"/>
			<DCCReference Include="..\Agua\URelGuiasAgua.pas">
				<Form>FRelGuiasAgua</Form>
			</DCCReference>
			<DCCReference Include="..\Financeiro\UCompensaValores.pas">
				<Form>FCompensaValores</Form>
			</DCCReference>
			<DCCReference Include="..\Financeiro\UEstornaCompensaValores.pas">
				<Form>FEstornaCompensaValores</Form>
			</DCCReference>
			<DCCReference Include="..\Financeiro\UEstornaBaixaDividas.pas">
				<Form>FEstornaBaixaDividas</Form>
			</DCCReference>
			<DCCReference Include="..\Financeiro\UBaixaDividas.pas">
				<Form>FBaixaDividas</Form>
			</DCCReference>
			<DCCReference Include="..\Diversas\UCadITBI.pas">
				<Form>FCadITBI</Form>
			</DCCReference>
			<DCCReference Include="..\Diversas\UCadCertidoes.pas">
				<Form>FCadCertidoes</Form>
			</DCCReference>
			<DCCReference Include="..\Diversas\UCadGeral.pas">
				<Form>FCadDiversas</Form>
			</DCCReference>
			<DCCReference Include="..\Diversas\UCalculaReceitas.pas">
				<Form>FCalculaReceitas</Form>
			</DCCReference>
			<DCCReference Include="..\Diversas\URelGuias.pas">
				<Form>FRelGuias</Form>
			</DCCReference>
			<DCCReference Include="..\Diversas\URelGeral.pas">
				<Form>FRelGeral</Form>
			</DCCReference>
			<DCCReference Include="..\Diversas\UConsHisPadrao.pas">
				<Form>FConsHisPadrao</Form>
			</DCCReference>
			<DCCReference Include="..\Diversas\UCadHisPadrao.pas">
				<Form>FCadHisPadrao</Form>
			</DCCReference>
			<DCCReference Include="..\Diversas\UZoomHisto.pas">
				<Form>FZoomHisto</Form>
			</DCCReference>
			<DCCReference Include="..\Diversas\URelITBI.pas">
				<Form>FRelITBI</Form>
			</DCCReference>
			<DCCReference Include="..\Diversas\UConsCert.pas">
				<Form>FConsCert</Form>
			</DCCReference>
			<DCCReference Include="..\Diversas\URelCertidoes.pas">
				<Form>FRelCertidoes</Form>
			</DCCReference>
			<DCCReference Include="..\Diversas\UCadValCertidoes.pas">
				<Form>FCadValCertidoes</Form>
			</DCCReference>
			<DCCReference Include="..\Agua\UCadUC.pas">
				<Form>FCadUC</Form>
			</DCCReference>
			<DCCReference Include="..\Agua\UCalcAgua.pas">
				<Form>FGCalcAgua</Form>
			</DCCReference>
			<DCCReference Include="..\Agua\UManLeituras.pas">
				<Form>FManLeituras</Form>
			</DCCReference>
			<DCCReference Include="..\Agua\UCadTransfAGUA.pas">
				<Form>FCadTransfAgua</Form>
			</DCCReference>
			<DCCReference Include="..\Agua\URelTransfPropAGUA.pas">
				<Form>FRelTransfPropAGUA</Form>
			</DCCReference>
			<DCCReference Include="..\Agua\UApliacao.pas">
				<Form>FApliacao</Form>
			</DCCReference>
			<DCCReference Include="..\Agua\URelRolCadastralAgua.pas">
				<Form>FRelRolCadastral</Form>
			</DCCReference>
			<DCCReference Include="..\Agua\URelAlteracoesAgua.pas">
				<Form>FRelAlteracoesAgua</Form>
			</DCCReference>
			<DCCReference Include="..\Agua\UGRefaturaAG.pas">
				<Form>FGRefaturaAG</Form>
			</DCCReference>
			<DCCReference Include="..\Agua\UDuplicaAG.pas">
				<Form>FDuplicaAG</Form>
			</DCCReference>
			<DCCReference Include="..\Mobiliario\UCadEmpre.pas">
				<Form>FCadEmpre</Form>
			</DCCReference>
			<DCCReference Include="..\Mobiliario\UCadEscritorio.pas">
				<Form>FCadEscritorio</Form>
			</DCCReference>
			<DCCReference Include="..\Mobiliario\URelEscritorio.pas">
				<Form>FRelEscritorio</Form>
			</DCCReference>
			<DCCReference Include="..\Mobiliario\UGeraAnual.pas">
				<Form>FGeraAnual</Form>
			</DCCReference>
			<DCCReference Include="..\Mobiliario\URelAlvaraEventual.pas">
				<Form>FRelAlvaraEventual</Form>
			</DCCReference>
			<DCCReference Include="..\Mobiliario\URelAlvara.pas">
				<Form>FRelAlvara</Form>
			</DCCReference>
			<DCCReference Include="..\Mobiliario\URelAlvaraVeiculo.pas">
				<Form>FRelAlvaraVeiculo</Form>
			</DCCReference>
			<DCCReference Include="..\Mobiliario\URelRol.pas">
				<Form>FRelRol</Form>
			</DCCReference>
			<DCCReference Include="..\Diversas\UCadAlvaras.pas">
				<Form>FCadAlvaras</Form>
			</DCCReference>
			<DCCReference Include="..\Diversas\URelGuiaAlvara.pas">
				<Form>FRelGuiaAlvara</Form>
			</DCCReference>
			<DCCReference Include="..\Diversas\URelAlvaraDiversos.pas">
				<Form>FRelAlvaraDiversos</Form>
			</DCCReference>
			<DCCReference Include="..\Imobiliario\URelMapaCalcIPTU.pas">
				<Form>FRelMapaCalcIPTU</Form>
			</DCCReference>
			<DCCReference Include="..\Imobiliario\UCadImoveis.pas">
				<Form>FCadImoveis</Form>
			</DCCReference>
			<DCCReference Include="..\Imobiliario\UMenuTabGerais.pas">
				<Form>FMenuTabGerais</Form>
			</DCCReference>
			<DCCReference Include="..\Imobiliario\UConfCalc.pas">
				<Form>FConfCalc</Form>
			</DCCReference>
			<DCCReference Include="..\Imobiliario\UCadSecao.pas">
				<Form>FCadSecao</Form>
			</DCCReference>
			<DCCReference Include="..\Imobiliario\URelSecoes.pas">
				<Form>FRelSecoes</Form>
			</DCCReference>
			<DCCReference Include="..\Imobiliario\UCadAgrupa.pas">
				<Form>FCadAgrupa</Form>
			</DCCReference>
			<DCCReference Include="..\Imobiliario\URelAgrupa.pas">
				<Form>FRelAgrupa</Form>
			</DCCReference>
			<DCCReference Include="..\Imobiliario\UDuplicaZona.pas">
				<Form>FDuplicaZonas</Form>
			</DCCReference>
			<DCCReference Include="..\Imobiliario\UCadValCRT.pas">
				<Form>FCadValCRT</Form>
			</DCCReference>
			<DCCReference Include="..\Imobiliario\URelValCRT.pas">
				<Form>FRelValCRT</Form>
			</DCCReference>
			<DCCReference Include="..\Imobiliario\UCadZonaEdif.pas">
				<Form>FCadZonaEdif</Form>
			</DCCReference>
			<DCCReference Include="..\Imobiliario\URelZonaEdif.pas">
				<Form>FRelZonaEdif</Form>
			</DCCReference>
			<DCCReference Include="..\Imobiliario\UCadCaractGerais.pas">
				<Form>FCadCaractGerais</Form>
			</DCCReference>
			<DCCReference Include="..\Imobiliario\URelCaractGerais.pas">
				<Form>FRelCaractGerais</Form>
			</DCCReference>
			<DCCReference Include="..\Imobiliario\UCadSetorVenc.pas">
				<Form>FCadSetorVenc</Form>
			</DCCReference>
			<DCCReference Include="..\Imobiliario\UCadCodCob.pas">
				<Form>FCadCodCob</Form>
			</DCCReference>
			<DCCReference Include="..\Imobiliario\URelExtratoValorVenal.pas">
				<Form>FRelExtratoValorVenal</Form>
			</DCCReference>
			<DCCReference Include="..\Imobiliario\UCadTransf.pas">
				<Form>FCadTransf</Form>
			</DCCReference>
			<DCCReference Include="..\Imobiliario\URelTransfProp.pas">
				<Form>FRelTransfProp</Form>
			</DCCReference>
			<DCCReference Include="..\Imobiliario\URelRolIPTU.pas">
				<Form>FRelRolIPTU</Form>
			</DCCReference>
			<DCCReference Include="..\Imobiliario\URelPedIsencao.pas">
				<Form>FRelPedIsencao</Form>
			</DCCReference>
			<DCCReference Include="..\Imobiliario\URelAlteracoesIPTU.pas">
				<Form>FRelAlteracoesIPTU</Form>
			</DCCReference>
			<DCCReference Include="..\Imobiliario\FunIPTU.pas"/>
			<DCCReference Include="..\Imobiliario\URelImoveis.pas">
				<Form>FRelImoveis</Form>
			</DCCReference>
			<DCCReference Include="..\Imobiliario\URelHisCad.pas">
				<Form>FRelHisCad</Form>
			</DCCReference>
			<DCCReference Include="..\Imobiliario\URelPreVV.pas">
				<Form>FRelPreVV</Form>
			</DCCReference>
			<DCCReference Include="..\Imobiliario\UCalculaIPTU.pas">
				<Form>FCalculaIPTU</Form>
			</DCCReference>
			<DCCReference Include="..\Imobiliario\UDuplica.pas">
				<Form>FDuplicar</Form>
			</DCCReference>
			<DCCReference Include="..\Imobiliario\TreeFunc.pas"/>
			<DCCReference Include="..\Principal\UCadCartorio.pas">
				<Form>FCadCartorio</Form>
			</DCCReference>
			<DCCReference Include="..\Principal\URelCartorio.pas">
				<Form>FRelCartorios</Form>
			</DCCReference>
			<DCCReference Include="..\Atendimento\UConsInfracoes.pas">
				<Form>FConsInfracoes</Form>
			</DCCReference>
			<DCCReference Include="..\Diversas\UCadTabMultas.pas">
				<Form>FCadTabMultas</Form>
			</DCCReference>
			<DCCReference Include="..\Diversas\UCadFiscais.pas">
				<Form>FCadFiscais</Form>
			</DCCReference>
			<DCCReference Include="..\Diversas\UCadInfracao.pas">
				<Form>FCadInfracao</Form>
			</DCCReference>
			<DCCReference Include="..\Diversas\URelInfracoes.pas">
				<Form>FRelInfracoes</Form>
			</DCCReference>
			<DCCReference Include="..\Diversas\UDuplicarInfracoes.pas">
				<Form>FDuplicarInfracoes</Form>
			</DCCReference>
			<DCCReference Include="..\Agua\URelHistoricoConsumos.pas">
				<Form>FHistoricoConsumos</Form>
			</DCCReference>
			<DCCReference Include="..\Serviços\UCadOS.pas">
				<Form>FCadOS</Form>
			</DCCReference>
			<DCCReference Include="..\Serviços\URelCadOS.pas">
				<Form>FRelOS</Form>
			</DCCReference>
			<DCCReference Include="..\Serviços\URelCadSS.pas">
				<Form>FRelSS</Form>
			</DCCReference>
			<DCCReference Include="..\Agua\UConsVeiculosAG.pas">
				<Form>FConsVeiculosAG</Form>
			</DCCReference>
			<DCCReference Include="..\Serviços\UCadSS.pas">
				<Form>FCadSS</Form>
			</DCCReference>
			<DCCReference Include="..\Agua\UConsAgenteAG.pas">
				<Form>FConsAgenteAG</Form>
			</DCCReference>
			<DCCReference Include="..\Agua\UCadTrocaHidro.pas">
				<Form>FCadTrocaHidro</Form>
			</DCCReference>
			<DCCReference Include="..\Agua\URelCarneAgua.pas">
				<Form>FRelCarneAgua</Form>
			</DCCReference>
			<DCCReference Include="..\Imobiliario\URelListaCad.pas">
				<Form>FRelListaCad</Form>
			</DCCReference>
			<DCCReference Include="..\Agua\UCadTrocaLacre.pas">
				<Form>FCadTrocaLacre</Form>
			</DCCReference>
			<DCCReference Include="..\Principal\IcoWebCep1.pas"/>
			<DCCReference Include="..\Agua\UConsProdutosSIA.pas">
				<Form>FConsProdutosSIA</Form>
			</DCCReference>
			<DCCReference Include="..\Mobiliario\UConsultaNFnaoDeclarada.pas">
				<Form>FConsultaNFnaoDeclarada</Form>
			</DCCReference>
			<DCCReference Include="..\Serviços\UConsTabServAG.pas">
				<Form>FConsTabServAG</Form>
			</DCCReference>
			<DCCReference Include="..\Serviços\UAgendaServicosAG.pas">
				<Form>FAgendaServicosAG</Form>
			</DCCReference>
			<DCCReference Include="..\Financeiro\URelListagemDebitosProcesso.pas">
				<Form>FRelListagemDebitosProcesso</Form>
			</DCCReference>
			<DCCReference Include="..\Financeiro\URelExtratoProcesso.pas">
				<Form>FRelExtratoProcesso</Form>
			</DCCReference>
			<DCCReference Include="..\Principal\USelNim.pas">
				<Form>FSelNim</Form>
			</DCCReference>
			<DCCReference Include="..\Financeiro\UFinMensGuias.pas">
				<Form>FFinMensGuias</Form>
			</DCCReference>
			<DCCReference Include="..\Imobiliario\UCombinaAgrupImob.pas">
				<Form>FCombinaAgrupImob</Form>
			</DCCReference>
			<DCCReference Include="..\Principal\uTFSCModulo.pas"/>
			<DCCReference Include="..\Imobiliario\UCadObrigIPTU.pas">
				<Form>FCadObrigIPTU</Form>
			</DCCReference>
			<DCCReference Include="..\Imobiliario\UConsCRTIPT.pas">
				<Form>FConsCRTIPT</Form>
			</DCCReference>
			<DCCReference Include="..\Imobiliario\URelSetVenc.pas">
				<Form>FRelSetVenc</Form>
			</DCCReference>
			<DCCReference Include="..\Principal\USenhaCustodia.pas">
				<Form>FSenhaCustodia</Form>
			</DCCReference>
			<DCCReference Include="..\Diversas\URelNotificaInfracoes.pas">
				<Form>FRelNotificaInfracoes</Form>
			</DCCReference>
			<DCCReference Include="..\Principal\UDigitalizaDoc.pas">
				<Form>FDigitalizaDoc</Form>
			</DCCReference>
			<DCCReference Include="..\Atendimento\UConsTipoOS.pas">
				<Form>FConsTipoOS</Form>
			</DCCReference>
			<DCCReference Include="..\Atendimento\UMostraMapa.pas">
				<Form>FMostraMapa</Form>
			</DCCReference>
			<DCCReference Include="..\Serviços\URelCadOSOutros.pas">
				<Form>FRelOSOutros</Form>
			</DCCReference>
			<DCCReference Include="..\Diversas\URelCertidoesAguaEsgoto.pas">
				<Form>FRelCertidoesAguaEsgoto</Form>
			</DCCReference>
			<DCCReference Include="..\Diversas\URelCertidoesDiversos.pas">
				<Form>FRelCertidoesDiversos</Form>
			</DCCReference>
			<DCCReference Include="..\Diversas\URelCertidoesImobiliario.pas">
				<Form>FRelCertidoesImobiliario</Form>
			</DCCReference>
			<DCCReference Include="..\Diversas\URelCertidoesImobiliarioRural.pas">
				<Form>FRelCertidoesImobiliarioRural</Form>
			</DCCReference>
			<DCCReference Include="..\Diversas\URelCertidoesMobiliario.pas">
				<Form>FRelCertidoesMobiliario</Form>
			</DCCReference>
			<DCCReference Include="..\Serviços\UCadEntrega.pas">
				<Form>FCadEntrega</Form>
			</DCCReference>
			<DCCReference Include="..\Serviços\URelEntrega.pas">
				<Form>FRelEntrega</Form>
			</DCCReference>
			<DCCReference Include="..\Financeiro\UCadAJProcessos.pas">
				<Form>FCadAJProcessos</Form>
			</DCCReference>
			<DCCReference Include="..\Financeiro\UAJRelatorios.pas">
				<Form>FAJRelatorios</Form>
			</DCCReference>
			<DCCReference Include="..\Financeiro\UAJAuxRel.pas">
				<Form>FAJAuxRel</Form>
			</DCCReference>
			<DCCReference Include="..\Financeiro\UAJTransfPolo.pas">
				<Form>FAJTransfPolo</Form>
			</DCCReference>
			<DCCReference Include="..\Financeiro\UAJRelTramites.pas">
				<Form>FAJRelTramites</Form>
			</DCCReference>
			<DCCReference Include="..\Financeiro\UConsultaLivroDA.pas">
				<Form>FConsultaLivroDA</Form>
			</DCCReference>
			<DCCReference Include="..\Financeiro\UAJCadLivrosDA.pas">
				<Form>FAJCadLivrosDA</Form>
			</DCCReference>
			<DCCReference Include="..\Financeiro\URelLivroDivida.pas">
				<Form>FRelLivroDivida</Form>
			</DCCReference>
			<DCCReference Include="..\Cemiterio\UConsCRTCMI.pas">
				<Form>FConsCRTCMI</Form>
			</DCCReference>
			<DCCReference Include="..\Financeiro\URelSegundaViaGeral.pas">
				<Form>FRelSegundaViaGeral</Form>
			</DCCReference>
			<DCCReference Include="..\Diversas\UCadDocumentos.pas">
				<Form>FCadDocumentos</Form>
			</DCCReference>
			<DCCReference Include="..\Diversas\UConsDocumentos.pas">
				<Form>FConsDocumentos</Form>
			</DCCReference>
			<DCCReference Include="..\Diversas\URelDocumentosAgua.pas">
				<Form>FRelDocumentosAgua</Form>
			</DCCReference>
			<DCCReference Include="..\Diversas\URelDocumentosDiversos.pas">
				<Form>FRelDocumentosDiversos</Form>
			</DCCReference>
			<DCCReference Include="..\Diversas\URelDocumentosImobiliario.pas">
				<Form>FRelDocumentosImobiliario</Form>
			</DCCReference>
			<DCCReference Include="..\Diversas\URelDocumentosMobiliario.pas">
				<Form>FRelDocumentosMobiliario</Form>
			</DCCReference>
			<DCCReference Include="..\Diversas\URelDocumentosRural.pas">
				<Form>FRelDocumentosRural</Form>
			</DCCReference>
			<DCCReference Include="..\Imobiliario\URelLancaEnglobamentos.pas">
				<Form>FRelLancaEnglobamentos</Form>
			</DCCReference>
			<DCCReference Include="..\Imobiliario\URelListaConfrontantes.pas">
				<Form>FRelListaConfrontantes</Form>
			</DCCReference>
			<DCCReference Include="..\Imobiliario\URelListaEnglobamentos.pas">
				<Form>FRelListaEnglobamentos</Form>
			</DCCReference>
			<DCCReference Include="..\Principal\UDadosRecFederal.pas">
				<Form>FDadosRecFederal</Form>
			</DCCReference>
			<DCCReference Include="..\Serviços\UConsObras.pas">
				<Form>FConsObras</Form>
			</DCCReference>
			<DCCReference Include="..\Serviços\UCadObra.pas">
				<Form>FCadObra</Form>
			</DCCReference>
			<DCCReference Include="..\Financeiro\UInfProcJudicial.pas">
				<Form>FInfProcJudicial</Form>
			</DCCReference>
			<DCCReference Include="..\Serviços\UConsRespObra.pas">
				<Form>FConsRespObra</Form>
			</DCCReference>
			<DCCReference Include="..\Mobiliario\UConsTomador.pas">
				<Form>FConsTomador</Form>
			</DCCReference>
			<DCCReference Include="..\Mobiliario\UJCadTomadores.pas">
				<Form>FJCadTomadores</Form>
			</DCCReference>
			<DCCReference Include="..\Mobiliario\USelWEB.pas">
				<Form>FSelWEB</Form>
			</DCCReference>
			<DCCReference Include="..\Mobiliario\URelAlteracoesMOBIL.pas">
				<Form>FRelAlteracoesMOBIL</Form>
			</DCCReference>
			<DCCReference Include="..\Principal\ULocalizaCEP.pas">
				<Form>FLocalizaCEP</Form>
			</DCCReference>
			<DCCReference Include="..\Mobiliario\UHisLanDatas.pas">
				<Form>FHisLanDatas</Form>
			</DCCReference>
			<DCCReference Include="..\Financeiro\UConsCDA.pas">
				<Form>FConsCDA</Form>
			</DCCReference>
			<DCCReference Include="..\Mobiliario\UJRelTomadores.pas">
				<Form>FJRelTomadores</Form>
			</DCCReference>
			<DCCReference Include="..\Financeiro\UAJQualificaPartes.pas">
				<Form>FAJQualificaPartes</Form>
			</DCCReference>
			<DCCReference Include="..\Financeiro\UAJCadCertidoes.pas">
				<Form>FAJCadCertidoes</Form>
			</DCCReference>
			<DCCReference Include="..\Financeiro\USelecaoDividas.pas">
				<Form>FSelecaoDividas</Form>
			</DCCReference>
			<DCCReference Include="..\Serviços\URelListagemObras.pas">
				<Form>FRelListagemObras</Form>
			</DCCReference>
			<DCCReference Include="..\Juridico\UCadCartaPrec.pas">
				<Form>FCadCartaPrec</Form>
			</DCCReference>
			<DCCReference Include="..\Juridico\URelPrecatoria.pas">
				<Form>FRelPrecatoria</Form>
			</DCCReference>
			<DCCReference Include="..\Juridico\UCadPenhora.pas">
				<Form>FCadPenhora</Form>
			</DCCReference>
			<DCCReference Include="..\Juridico\URelPenhora.pas">
				<Form>FRelPenhora</Form>
			</DCCReference>
			<DCCReference Include="..\Juridico\UCadGarantia.pas">
				<Form>FCadGarantia</Form>
			</DCCReference>
			<DCCReference Include="..\Juridico\UCadLeiloes.pas">
				<Form>FCadLeiloes</Form>
			</DCCReference>
			<DCCReference Include="..\Juridico\UCadRecursos.pas">
				<Form>FCadRecursos</Form>
			</DCCReference>
			<DCCReference Include="..\Juridico\URelRecurso.pas">
				<Form>FRelRecurso</Form>
			</DCCReference>
			<DCCReference Include="..\Juridico\ULancaDespesa.pas">
				<Form>FLancaDespesa</Form>
			</DCCReference>
			<DCCReference Include="..\Juridico\UCadCitacoes.pas">
				<Form>FCadCitacoes</Form>
			</DCCReference>
			<DCCReference Include="..\Juridico\UDPGOJustica.pas">
				<Form>FDPGOJustica</Form>
			</DCCReference>
			<DCCReference Include="..\Juridico\URelGarantias.pas">
				<Form>FRelGarantias</Form>
			</DCCReference>
			<DCCReference Include="..\Juridico\URelLeiloes.pas">
				<Form>FRelLeiloes</Form>
			</DCCReference>
			<DCCReference Include="..\Financeiro\UCadAJTramites.pas">
				<Form>FCadAJTramites</Form>
			</DCCReference>
			<DCCReference Include="..\Juridico\UAuxAgendamento.pas">
				<Form>FAuxAgendamento</Form>
			</DCCReference>
			<DCCReference Include="..\Juridico\UAuxSuspensao.pas">
				<Form>FAuxSuspensao</Form>
			</DCCReference>
			<DCCReference Include="..\Juridico\UApontaAgenda.pas">
				<Form>FApontaAgenda</Form>
			</DCCReference>
			<DCCReference Include="..\Principal\UConsDeclarante.pas">
				<Form>FConsDeclarante</Form>
			</DCCReference>
			<DCCReference Include="..\Mobiliario\UJCadUsuISSWeb.pas">
				<Form>FJCadUsuISSWeb</Form>
			</DCCReference>
			<DCCReference Include="..\Mobiliario\UJTipoUsuISSWeb.pas">
				<Form>FJTipoUsuISSWeb</Form>
			</DCCReference>
			<DCCReference Include="..\Principal\URelContribuintesDeclarantes.pas">
				<Form>FRelContribuintesDeclarantes</Form>
			</DCCReference>
			<DCCReference Include="..\Principal\UDuplicaVinculacoesDeclarante.pas">
				<Form>FDuplicaVinculacaoDeclarante</Form>
			</DCCReference>
			<DCCReference Include="..\Financeiro\UCadDivida.pas">
				<Form>FCadDivida</Form>
			</DCCReference>
			<DCCReference Include="..\Financeiro\UDetParcela.pas">
				<Form>FDetParcela</Form>
			</DCCReference>
			<DCCReference Include="..\Agua\UCadCredito.pas">
				<Form>FCadCredito</Form>
			</DCCReference>
			<DCCReference Include="..\Agua\URelCreditosAgua.pas">
				<Form>FRelCreditosAgua</Form>
			</DCCReference>
			<DCCReference Include="..\Financeiro\URelIncosistenciaRetorno.pas">
				<Form>FRelIncosistenciaRetorno</Form>
			</DCCReference>
			<DCCReference Include="..\Financeiro\URelRecPrincipal.pas">
				<Form>FRelRecPrincipal</Form>
			</DCCReference>
			<DCCReference Include="..\Financeiro\UBaixa.pas">
				<Form>FBaixa</Form>
			</DCCReference>
			<DCCReference Include="..\Financeiro\URelPagamentosSimplificado.pas">
				<Form>FRelPagamentosSimplificado</Form>
			</DCCReference>
			<DCCReference Include="..\Financeiro\URelBoletimReceitas.pas">
				<Form>FRelBoletimArrecadacao</Form>
			</DCCReference>
			<DCCReference Include="..\Financeiro\URelArrecadacao.pas">
				<Form>FRelArrecadacao</Form>
			</DCCReference>
			<DCCReference Include="..\Financeiro\UConsReceitaFin.pas">
				<Form>FConsReceitaFin</Form>
			</DCCReference>
			<DCCReference Include="..\Financeiro\UInscrDAFin.pas">
				<Form>FInscrDAFin</Form>
			</DCCReference>
			<DCCReference Include="..\Financeiro\URelHisLan.pas">
				<Form>FRelHisLan</Form>
			</DCCReference>
			<DCCReference Include="..\Serviços\UConsultaDocumentosTermo.pas">
				<Form>FConsultaDocumentosTermo</Form>
			</DCCReference>
			<DCCReference Include="..\Serviços\UConsultaProcesso.pas">
				<Form>FConsultaProcesso</Form>
			</DCCReference>
			<DCCReference Include="..\Serviços\UCadDocumentoProcesso.pas">
				<Form>FCadDocumentoProcesso</Form>
			</DCCReference>
			<DCCReference Include="..\Serviços\URelDocumentoProcesso.pas">
				<Form>FRelDocumentoProcesso</Form>
			</DCCReference>
			<DCCReference Include="..\Mobiliario\UJRelUsuISSWeb.pas">
				<Form>FJRelUsuISSWeb</Form>
			</DCCReference>
			<DCCReference Include="..\Agua\URelTrocaHidro.pas">
				<Form>FRelTrocaHidro</Form>
			</DCCReference>
			<DCCReference Include="..\Diversas\UCadTabCalcITBI.pas">
				<Form>FCadTabCalcITBI</Form>
			</DCCReference>
			<DCCReference Include="..\Diversas\URelTabCalcITBI.pas">
				<Form>FRelTabCalcITBI</Form>
			</DCCReference>
			<DCCReference Include="..\Principal\UClasse_GoogleMaps.pas"/>
			<DCCReference Include="..\Juridico\UConsProcJud.pas">
				<Form>FConsProcJud</Form>
			</DCCReference>
			<DCCReference Include="..\Serviços\UServCadFisOS.pas">
				<Form>FServCadFisOS</Form>
			</DCCReference>
			<DCCReference Include="..\Serviços\UClasse_PesqServ.pas"/>
			<DCCReference Include="..\Serviços\UConsultaOrdemServico.pas">
				<Form>FConsultaOrdemServico</Form>
			</DCCReference>
			<DCCReference Include="..\Juridico\UCadJuntada.pas">
				<Form>FCadJuntada</Form>
			</DCCReference>
			<DCCReference Include="..\Protocolo\Log\Dados_SLog.pas">
				<Form>dmSLog</Form>
				<DesignClass>TDataModule</DesignClass>
			</DCCReference>
			<DCCReference Include="UCadRRCRT.pas">
				<Form>FCadRRCRT</Form>
			</DCCReference>
			<DCCReference Include="..\Imobiliario\UConsSecao.pas">
				<Form>FConsSecao</Form>
			</DCCReference>
			<DCCReference Include="..\Juridico\URelCDA.pas">
				<Form>FRelCDA</Form>
			</DCCReference>
			<DCCReference Include="..\Financeiro\UDetCancelamento.pas">
				<Form>FDetCancelamento</Form>
			</DCCReference>
			<DCCReference Include="..\Diversas\UConsultaReceitas.pas">
				<Form>FConsultaReceitas</Form>
			</DCCReference>
			<DCCReference Include="..\Principal\aguardesimples.pas">
				<Form>FAguardeSimples</Form>
			</DCCReference>
			<DCCReference Include="..\Cemiterio\UCadSepultamentos.pas">
				<Form>FCadSepultamentos</Form>
			</DCCReference>
			<DCCReference Include="..\Cemiterio\UTransfLocal.pas">
				<Form>FTransfLocal</Form>
			</DCCReference>
			<DCCReference Include="..\Cemiterio\URelTransLocalCemi.pas">
				<Form>FRelTransLocalCemi</Form>
			</DCCReference>
			<DCCReference Include="..\Cemiterio\URelSepultamentos.pas">
				<Form>FRelSepultamentos</Form>
			</DCCReference>
			<DCCReference Include="..\Cemiterio\UCadObitos.pas">
				<Form>FCadObitos</Form>
			</DCCReference>
			<DCCReference Include="..\Cemiterio\UConsParenteCMI.pas">
				<Form>FConsParenteCMI</Form>
			</DCCReference>
			<DCCReference Include="..\Cemiterio\URelObitos.pas">
				<Form>FRelObitos</Form>
			</DCCReference>
			<DCCReference Include="..\Escola\UClasse_PesqEscola.pas"/>
			<DCCReference Include="..\Escola\UClasse_Escola.pas"/>
			<DCCReference Include="..\Escola\UConsAluno.pas">
				<Form>FConsAluno</Form>
			</DCCReference>
			<DCCReference Include="..\Atendimento\UConsDiversas.pas">
				<Form>FConsDiversas</Form>
			</DCCReference>
			<DCCReference Include="..\Serviços\UConsultaSolicitacao.pas">
				<Form>FConsultaSolicitacao</Form>
			</DCCReference>
			<DCCReference Include="..\Financeiro\URelRelacaoParcelamentoEstornado.pas">
				<Form>FRelacaoParcelamentoEstornado</Form>
			</DCCReference>
			<DCCReference Include="..\Financeiro\USelInscrDivida.pas">
				<Form>FSelInscrDivida</Form>
			</DCCReference>
			<DCCReference Include="..\Serviços\UCadNotPostura.pas">
				<Form>FCadNotPostura</Form>
			</DCCReference>
			<DCCReference Include="..\Serviços\URelNotificaPosturasAgua.pas">
				<Form>FRelNotificaPosturaAgua</Form>
			</DCCReference>
			<DCCReference Include="..\Serviços\URelNotificaPosturasContribuintes.pas">
				<Form>FRelNotificaPosturaContribuintes</Form>
			</DCCReference>
			<DCCReference Include="..\Serviços\URelNotificaPosturasImobiliario.pas">
				<Form>FRelNotificaPosturaImobiliario</Form>
			</DCCReference>
			<DCCReference Include="..\Serviços\URelNotificaPosturasMobiliario.pas">
				<Form>FRelNotificaPosturaMobiliario</Form>
			</DCCReference>
			<DCCReference Include="..\Serviços\URelNotificaPosturasRural.pas">
				<Form>FRelNotificaPosturaRural</Form>
			</DCCReference>
			<DCCReference Include="..\Financeiro\UConsultaCompensacao.pas">
				<Form>FConsultaCompensacao</Form>
			</DCCReference>
			<DCCReference Include="..\Financeiro\URelExtratoCompensacao.pas">
				<Form>FRelExtratoCompensacao</Form>
			</DCCReference>
			<DCCReference Include="..\Financeiro\URelTermoConfissaoGuia.pas">
				<Form>FRelTermoConfissaoGuia</Form>
			</DCCReference>
			<DCCReference Include="UCadZonaFiscalRural.pas">
				<Form>FCadZonaFiscalRural</Form>
			</DCCReference>
			<DCCReference Include="..\Financeiro\UCancelaCDA.pas">
				<Form>FCancelaCDA</Form>
			</DCCReference>
			<DCCReference Include="..\Serviços\UCadVeiculos.pas">
				<Form>FCadVeiculos</Form>
			</DCCReference>
			<DCCReference Include="..\Agua\URelHisHidrometro.pas">
				<Form>FRelHisHidrometro</Form>
			</DCCReference>
			<DCCReference Include="..\Agua\UCadAgenteCampo.pas">
				<Form>FCadAgenteCampo</Form>
			</DCCReference>
			<DCCReference Include="..\Agua\URelAgenteCampo.pas">
				<Form>FRelAgenteCampo</Form>
			</DCCReference>
			<DCCReference Include="..\Principal\URelIRCNT.pas">
				<Form>FRelIRCNT</Form>
			</DCCReference>
			<DCCReference Include="..\Financeiro\URelCancelados.pas">
				<Form>FRelCancelados</Form>
			</DCCReference>
			<DCCReference Include="..\Financeiro\URelPosicaoProcesso.pas">
				<Form>FRelPosicaoProcesso</Form>
			</DCCReference>
			<DCCReference Include="..\Escola\URelSegundaViaGeralEscola.pas">
				<Form>FRelSegundaViaGeralEscola</Form>
			</DCCReference>
			<DCCReference Include="..\Agua\UBloqFaturas.pas">
				<Form>FBloqFaturas</Form>
			</DCCReference>
			<DCCReference Include="..\Principal\UAguardeCopiaArq.pas">
				<Form>FAguardeCopiaArq</Form>
			</DCCReference>
			<DCCReference Include="..\Imobiliario\UClasse_IPTU.pas"/>
			<DCCReference Include="..\Imobiliario\UClasse_ITBI.pas"/>
			<DCCReference Include="..\Imobiliario\UCadCobIPTU.pas">
				<Form>FCadCobIPTU</Form>
			</DCCReference>
			<DCCReference Include="..\Financeiro\UXmlServicosPet.pas"/>
			<DCCReference Include="..\Financeiro\ServicoPJ.pas"/>
			<DCCReference Include="..\Principal\sevenzip.pas"/>
			<DCCReference Include="..\Financeiro\UEnviaPetEletronico.pas">
				<Form>FEnviaPetEletronico</Form>
			</DCCReference>
			<DCCReference Include="..\Juridico\UEnviaPetIntermediario.pas">
				<Form>FPetIntermediario</Form>
			</DCCReference>
			<DCCReference Include="..\Financeiro\UXmlPetIntermediario.pas"/>
			<DCCReference Include="..\Financeiro\UXmlAjuizamento.pas"/>
			<DCCReference Include="..\Principal\UCertDigitais.pas">
				<Form>FCertDigitais</Form>
			</DCCReference>
			<DCCReference Include="..\Comp_AssinaturaDigital\Capicom\CAPICOM_TLB.pas"/>
			<DCCReference Include="..\Financeiro\URelParcelasBloqueadas.pas">
				<Form>FRelParcelasBloqueadas</Form>
			</DCCReference>
			<DCCReference Include="..\Juridico\UConfArqsTJSP.pas">
				<Form>FConfArqsTJSP</Form>
			</DCCReference>
			<DCCReference Include="..\Serviços\URelCadOSMobiliario.pas">
				<Form>FRelOSMobiliario</Form>
			</DCCReference>
			<DCCReference Include="..\Juridico\UAddDocPetIntermediario.pas">
				<Form>FAddDocPetIntermediario</Form>
			</DCCReference>
			<DCCReference Include="..\Juridico\UAJItensTrabalho.pas">
				<Form>FAJItensTrabalho</Form>
			</DCCReference>
			<DCCReference Include="..\Financeiro\UCadTransfReceitas.pas">
				<Form>FCadTransfReceitas</Form>
			</DCCReference>
			<DCCReference Include="..\Financeiro\UDesisteCDA.pas">
				<Form>FDesisteCDA</Form>
			</DCCReference>
			<DCCReference Include="..\Financeiro\URelTransfReceitas.pas">
				<Form>RelTransfReceitas</Form>
			</DCCReference>
			<DCCReference Include="..\Agua\UClasse_Almox_SIA.pas"/>
			<DCCReference Include="..\Serviços\URelFiscais.pas">
				<Form>FRelFiscais</Form>
			</DCCReference>
			<DCCReference Include="..\Serviços\UCadEncerraOSAG.pas">
				<Form>FCadEncerraOSAG</Form>
			</DCCReference>
			<DCCReference Include="..\Serviços\UCadCancelaOSAG.pas">
				<Form>FCadCancelaOSAG</Form>
			</DCCReference>
			<DCCReference Include="..\Agua\UConsProdutosAG.pas">
				<Form>FConsProdutosAG</Form>
			</DCCReference>
			<DCCReference Include="..\Mobiliario\UHisSubLimite.pas">
				<Form>FHisSubLimite</Form>
			</DCCReference>
			<DCCReference Include="..\Imobiliario\UCadImobiliarias.pas">
				<Form>FCadImobiliarias</Form>
			</DCCReference>
			<DCCReference Include="..\Imobiliario\URelImobiliarias.pas">
				<Form>FRelImobiliarias</Form>
			</DCCReference>
			<DCCReference Include="..\Diversas\USelecaoCheckBox.pas">
				<Form>FSelecaoCheckBox</Form>
			</DCCReference>
			<DCCReference Include="..\Principal\UMenuConsBR.pas">
				<Form>FMenuConsBR</Form>
			</DCCReference>
			<DCCReference Include="..\Principal\f_pesquisa_cadsus.pas">
				<Form>frmPesq_Paciente_CNS</Form>
			</DCCReference>
			<DCCReference Include="..\Financeiro\URecPrincipal.pas">
				<Form>FRecPrincipal</Form>
			</DCCReference>
			<DCCReference Include="..\Serviços\UCadTPSolicitante.pas">
				<Form>FCadTPSolicitante</Form>
			</DCCReference>
			<DCCReference Include="..\Serviços\URelTipoSolicitante.pas">
				<Form>FRelTipoSolicitante</Form>
			</DCCReference>
			<DCCReference Include="..\Principal\UDMArquivos.pas">
				<Form>DMArq</Form>
				<DesignClass>TDataModule</DesignClass>
			</DCCReference>
			<DCCReference Include="..\Principal\UCadImagemDocs.pas">
				<Form>FCadImagemDocs</Form>
			</DCCReference>
			<DCCReference Include="..\Serviços\UCadResponsavelObra.pas">
				<Form>FCadResponsavelObra</Form>
			</DCCReference>
			<DCCReference Include="..\Serviços\URelResponsavelObra.pas">
				<Form>FRelResponsavelObra</Form>
			</DCCReference>
			<DCCReference Include="..\Principal\UClasse_Arquivos.pas"/>
			<DCCReference Include="..\Financeiro\URelDetParcela.pas">
				<Form>FRelDetParcela</Form>
			</DCCReference>
			<DCCReference Include="..\Principal\UCadTipoAnexos.pas">
				<Form>FCadTipoAnexos</Form>
			</DCCReference>
			<DCCReference Include="..\Financeiro\UInscrDAFinManual.pas">
				<Form>FInscrDAFinManual</Form>
			</DCCReference>
			<DCCReference Include="..\Juridico\UMenuCarga.pas">
				<Form>FMenuCarga</Form>
			</DCCReference>
			<DCCReference Include="..\Juridico\UAJCadCargas.pas">
				<Form>FAJCadCargas</Form>
			</DCCReference>
			<DCCReference Include="..\Juridico\UAJRelCargasProc.pas">
				<Form>FAJRelCargasProc</Form>
			</DCCReference>
			<DCCReference Include="..\Principal\UFrameGIF.pas">
				<Form>FFrameGIF</Form>
				<DesignClass>TFrame</DesignClass>
			</DCCReference>
			<DCCReference Include="..\Financeiro\UXmlSolicitaIntimacao.pas"/>
			<DCCReference Include="..\Juridico\UAJCadTramitesEmb.pas">
				<Form>FAJCadTramitesEmb</Form>
			</DCCReference>
			<DCCReference Include="..\Juridico\UAJCadEmbargos.pas">
				<Form>FAJCadEmbargos</Form>
			</DCCReference>
			<DCCReference Include="..\Agua\UConsCRTAGU.pas">
				<Form>FConsCRTAGU</Form>
			</DCCReference>
			<DCCReference Include="..\Mobiliario\UConsCRTMOB.pas">
				<Form>FConsCRTMOB</Form>
			</DCCReference>
			<DCCReference Include="..\Principal\UConsulta.pas">
				<Form>FConsultas</Form>
			</DCCReference>
			<DCCReference Include="..\Principal\URelLograRel.pas">
				<Form>FRelLograRel</Form>
			</DCCReference>
			<DCCReference Include="..\Principal\UFrameCaract.pas">
				<Form>FFrameCaract</Form>
				<DesignClass>TFrame</DesignClass>
			</DCCReference>
			<DCCReference Include="..\Principal\UMostraResultados.pas">
				<Form>FMostraResultados</Form>
			</DCCReference>
			<DCCReference Include="..\Principal\funcoesTela.pas"/>
			<DCCReference Include="..\Principal\UCriaOrdenacao.pas">
				<Form>FCriaOrdenacao</Form>
			</DCCReference>
			<DCCReference Include="..\Principal\UDMDebito.pas">
				<Form>DMDebito</Form>
				<DesignClass>TDataModule</DesignClass>
			</DCCReference>
			<DCCReference Include="..\Financeiro\UFrameGuia.pas">
				<Form>FFrameGuia</Form>
				<DesignClass>TFrame</DesignClass>
			</DCCReference>
			<DCCReference Include="..\Financeiro\UConsultaDebito.pas">
				<Form>FConsultaDebito</Form>
			</DCCReference>
			<DCCReference Include="..\Serviços\UGNotificaPostura.pas">
				<Form>FGNotificaPostura</Form>
			</DCCReference>
			<DCCReference Include="..\Juridico\UConsultaSAJ.pas">
				<Form>FConsultaSAJ</Form>
			</DCCReference>
			<DCCReference Include="..\Principal\UClasse_Debito.pas"/>
			<DCCReference Include="..\Principal\UMostraHistorico.pas">
				<Form>FMostraHistorico</Form>
			</DCCReference>
			<DCCReference Include="..\Agua\URelOSCorte.pas">
				<Form>FRelOSCorte</Form>
			</DCCReference>
			<DCCReference Include="..\Agua\USelCadOSCorte.pas">
				<Form>FSelCadOSCorte</Form>
			</DCCReference>
			<DCCReference Include="..\Agua\UCadEncerraOSCorte.pas">
				<Form>FCadEncerraOSCorte</Form>
			</DCCReference>
			<DCCReference Include="..\Agua\UGeraOrdemCorte.pas">
				<Form>FGeraOrdemCorte</Form>
			</DCCReference>
			<DCCReference Include="..\Agua\UHistoricoCorte.pas">
				<Form>FHistoricoCorte</Form>
			</DCCReference>
			<DCCReference Include="..\Juridico\UCadIntimacoes.pas">
				<Form>FCadIntimacoes</Form>
			</DCCReference>
			<DCCReference Include="..\Financeiro\USuspendeDividas.pas">
				<Form>FSuspendeDividas</Form>
			</DCCReference>
			<DCCReference Include="..\Agua\UConsNotificacaoAG.pas">
				<Form>FConsNotificacaoAG</Form>
			</DCCReference>
			<DCCReference Include="..\Agua\UConsProdutosSCPI.pas">
				<Form>FConsProdutosSCPI</Form>
			</DCCReference>
			<DCCReference Include="..\Agua\URelPedidoVistoria.pas">
				<Form>FRelPedidoVistoria</Form>
			</DCCReference>
			<DCCReference Include="..\Agua\UCadRetornoVistoria.pas">
				<Form>FCadRetornoVistoria</Form>
			</DCCReference>
			<DCCReference Include="..\Agua\URelRetiradaMaterial.pas">
				<Form>FRelRetiradaMaterial</Form>
			</DCCReference>
			<DCCReference Include="..\Protocolo\UFRelProtocoloReq.pas">
				<Form>FRelProtocoloReq</Form>
			</DCCReference>
			<DCCReference Include="..\Protocolo\UdmRelatorios.pas">
				<Form>dmRelatorios</Form>
				<DesignClass>TDataModule</DesignClass>
			</DCCReference>
			<DCCReference Include="..\Juridico\UExportaPDF.pas"/>
			<DCCReference Include="..\Juridico\UAJConsForoTJSP.pas">
				<Form>FAJConsForoTJSP</Form>
			</DCCReference>
			<DCCReference Include="..\Principal\UAguardePermissao.pas">
				<Form>FAguardePermissao</Form>
			</DCCReference>
			<DCCReference Include="..\Financeiro\URelTermoInscricaoDivida.pas">
				<Form>FRelTermoInscricaoDivida</Form>
			</DCCReference>
			<DCCReference Include="..\Financeiro\UEstornaSuspendeDividas.pas">
				<Form>FEstornaSuspendeDividas</Form>
			</DCCReference>
			<BuildConfiguration Include="Debug">
				<Key>Cfg_2</Key>
				<CfgParent>Base</CfgParent>
			</BuildConfiguration>
			<BuildConfiguration Include="Base">
				<Key>Base</Key>
			</BuildConfiguration>
			<BuildConfiguration Include="Release">
				<Key>Cfg_1</Key>
				<CfgParent>Base</CfgParent>
			</BuildConfiguration>
		</ItemGroup>
		<Import Condition="Exists('$(BDS)\Bin\CodeGear.Delphi.Targets')" Project="$(BDS)\Bin\CodeGear.Delphi.Targets"/>
		<ProjectExtensions>
			<Borland.Personality>Delphi.Personality.12</Borland.Personality>
			<Borland.ProjectType>VCLApplication</Borland.ProjectType>
			<BorlandProject>
				<Delphi.Personality>
					<Source>
						<Source Name="MainSource">Rural7.dpr</Source>
					</Source>
					<Parameters>
						<Parameters Name="RunParams">ok design</Parameters>
						<Parameters Name="UseLauncher">False</Parameters>
						<Parameters Name="LoadAllSymbols">True</Parameters>
						<Parameters Name="LoadUnspecifiedSymbols">False</Parameters>
					</Parameters>
					<VersionInfo>
						<VersionInfo Name="IncludeVerInfo">True</VersionInfo>
						<VersionInfo Name="AutoIncBuild">True</VersionInfo>
						<VersionInfo Name="MajorVer">7</VersionInfo>
						<VersionInfo Name="MinorVer">5</VersionInfo>
						<VersionInfo Name="Release">14</VersionInfo>
						<VersionInfo Name="Build">24</VersionInfo>
						<VersionInfo Name="Debug">True</VersionInfo>
						<VersionInfo Name="PreRelease">False</VersionInfo>
						<VersionInfo Name="Special">False</VersionInfo>
						<VersionInfo Name="Private">False</VersionInfo>
						<VersionInfo Name="DLL">False</VersionInfo>
						<VersionInfo Name="Locale">1046</VersionInfo>
						<VersionInfo Name="CodePage">1252</VersionInfo>
					</VersionInfo>
					<VersionInfoKeys>
						<VersionInfoKeys Name="CompanyName">Fiorilli Sociedade Civil Software</VersionInfoKeys>
						<VersionInfoKeys Name="FileDescription">Rural</VersionInfoKeys>
						<VersionInfoKeys Name="FileVersion">7.5.14.24</VersionInfoKeys>
						<VersionInfoKeys Name="InternalName"/>
						<VersionInfoKeys Name="LegalCopyright"/>
						<VersionInfoKeys Name="LegalTrademarks"/>
						<VersionInfoKeys Name="OriginalFilename"/>
						<VersionInfoKeys Name="ProductName">Rural</VersionInfoKeys>
						<VersionInfoKeys Name="ProductVersion">7.5.0.0</VersionInfoKeys>
						<VersionInfoKeys Name="Comments"/>
					</VersionInfoKeys>
					<Excluded_Packages>
						<Excluded_Packages Name="C:\WINDOWS\SYSTEM32\frxTee16.bpl">(untitled)</Excluded_Packages>
						<Excluded_Packages Name="C:\Users\CristyanLopes\Documents\DevExpress VCL\Library\Delphi16\dclcxPivotGridOLAPD16.bpl">ExpressPivotGrid 2 OLAP by Developer Express Inc.</Excluded_Packages>
						<Excluded_Packages Name="C:\Users\CristyanLopes\Documents\tmssoftware\TMS Component Pack\DelphiXE2\TMSDeDXE2.bpl">TMS Component Pack design time support</Excluded_Packages>
						<Excluded_Packages Name="$(BDSBIN)\dcloffice2k160.bpl">Microsoft Office 2000 Sample Automation Server Wrapper Components</Excluded_Packages>
					</Excluded_Packages>
				</Delphi.Personality>
				<Platforms>
					<Platform value="Win64">False</Platform>
					<Platform value="Win32">True</Platform>
				</Platforms>
			</BorlandProject>
			<ProjectFileVersion>12</ProjectFileVersion>
		</ProjectExtensions>
		<Import Condition="Exists('$(APPDATA)\Embarcadero\$(BDSAPPDATABASEDIR)\$(PRODUCTVERSION)\UserTools.proj')" Project="$(APPDATA)\Embarcadero\$(BDSAPPDATABASEDIR)\$(PRODUCTVERSION)\UserTools.proj"/>
	</Project>
